
Microsoft Visual Studio Solution File, Format Version 12.00
# Visual Studio Version 17
VisualStudioVersion = 17.7.34031.279
MinimumVisualStudioVersion = 10.0.40219.1
Project("{9A19103F-16F7-4668-BE54-9A1E7A4F7556}") = "TwistedFizzBuzz", "TwistedFizzBuzz.csproj", "{D1769AA8-438F-4454-A517-75D28521D7D2}"
EndProject
Project("{FAE04EC0-301F-11D3-BF4B-00C04F79EFBC}") = "TwistedFizzBuzzTest", "..\TwistedFizzBuzzTest\TwistedFizzBuzzTest.csproj", "{C10A36E2-32CB-4A87-9FE3-3CCE5A8DD012}"
EndProject
Project("{FAE04EC0-301F-11D3-BF4B-00C04F79EFBC}") = "Console1", "..\Console1\Console1.csproj", "{DEBA3B9B-739A-4BED-8075-DF7C228D3EDE}"
EndProject
Project("{FAE04EC0-301F-11D3-BF4B-00C04F79EFBC}") = "Console2", "..\Console2\Console2.csproj", "{26B3F027-639D-4C95-99E9-E20940AD14DE}"
EndProject
Global
	GlobalSection(SolutionConfigurationPlatforms) = preSolution
		Debug|Any CPU = Debug|Any CPU
		Release|Any CPU = Release|Any CPU
	EndGlobalSection
	GlobalSection(ProjectConfigurationPlatforms) = postSolution
		{D1769AA8-438F-4454-A517-75D28521D7D2}.Debug|Any CPU.ActiveCfg = Debug|Any CPU
		{D1769AA8-438F-4454-A517-75D28521D7D2}.Debug|Any CPU.Build.0 = Debug|Any CPU
		{D1769AA8-438F-4454-A517-75D28521D7D2}.Release|Any CPU.ActiveCfg = Release|Any CPU
		{D1769AA8-438F-4454-A517-75D28521D7D2}.Release|Any CPU.Build.0 = Release|Any CPU
		{C10A36E2-32CB-4A87-9FE3-3CCE5A8DD012}.Debug|Any CPU.ActiveCfg = Debug|Any CPU
		{C10A36E2-32CB-4A87-9FE3-3CCE5A8DD012}.Debug|Any CPU.Build.0 = Debug|Any CPU
		{C10A36E2-32CB-4A87-9FE3-3CCE5A8DD012}.Release|Any CPU.ActiveCfg = Release|Any CPU
		{C10A36E2-32CB-4A87-9FE3-3CCE5A8DD012}.Release|Any CPU.Build.0 = Release|Any CPU
		{DEBA3B9B-739A-4BED-8075-DF7C228D3EDE}.Debug|Any CPU.ActiveCfg = Debug|Any CPU
		{DEBA3B9B-739A-4BED-8075-DF7C228D3EDE}.Debug|Any CPU.Build.0 = Debug|Any CPU
		{DEBA3B9B-739A-4BED-8075-DF7C228D3EDE}.Release|Any CPU.ActiveCfg = Release|Any CPU
		{DEBA3B9B-739A-4BED-8075-DF7C228D3EDE}.Release|Any CPU.Build.0 = Release|Any CPU
		{26B3F027-639D-4C95-99E9-E20940AD14DE}.Debug|Any CPU.ActiveCfg = Debug|Any CPU
		{26B3F027-639D-4C95-99E9-E20940AD14DE}.Debug|Any CPU.Build.0 = Debug|Any CPU
		{26B3F027-639D-4C95-99E9-E20940AD14DE}.Release|Any CPU.ActiveCfg = Release|Any CPU
		{26B3F027-639D-4C95-99E9-E20940AD14DE}.Release|Any CPU.Build.0 = Release|Any CPU
	EndGlobalSection
	GlobalSection(SolutionProperties) = preSolution
		HideSolutionNode = FALSE
	EndGlobalSection
	GlobalSection(ExtensibilityGlobals) = postSolution
		SolutionGuid = {33DDE8A9-8744-47E8-A882-694DA48DE108}
	EndGlobalSection
EndGlobal
